// !$*UTF8*$!
{
	archiveVersion = 1;
	classes = {
	};
	objectVersion = 46;
	objects = {

/* Begin PBXBuildFile section */
		D7B75EC01F85D24600DB704D /* main.m in Sources */ = {isa = PBXBuildFile; fileRef = D7B75EBF1F85D24600DB704D /* main.m */; };
		D7B75EC31F85D24600DB704D /* AppDelegate.m in Sources */ = {isa = PBXBuildFile; fileRef = D7B75EC21F85D24600DB704D /* AppDelegate.m */; };
		D7B75EC91F85D24600DB704D /* Main.storyboard in Resources */ = {isa = PBXBuildFile; fileRef = D7B75EC71F85D24600DB704D /* Main.storyboard */; };
		D7B75ECB1F85D24600DB704D /* Assets.xcassets in Resources */ = {isa = PBXBuildFile; fileRef = D7B75ECA1F85D24600DB704D /* Assets.xcassets */; };
		D7B75ECE1F85D24600DB704D /* LaunchScreen.storyboard in Resources */ = {isa = PBXBuildFile; fileRef = D7B75ECC1F85D24600DB704D /* LaunchScreen.storyboard */; };
		D7B75ED71F85D35300DB704D /* LeftViewController.m in Sources */ = {isa = PBXBuildFile; fileRef = D7B75ED61F85D35300DB704D /* LeftViewController.m */; };
		D7B75EDA1F85DB8700DB704D /* RightViewController.m in Sources */ = {isa = PBXBuildFile; fileRef = D7B75ED91F85DB8700DB704D /* RightViewController.m */; };
/* End PBXBuildFile section */

/* Begin PBXFileReference section */
		D7B75EBB1F85D24600DB704D /* MySplitView.app */ = {isa = PBXFileReference; explicitFileType = wrapper.application; includeInIndex = 0; path = MySplitView.app; sourceTree = BUILT_PRODUCTS_DIR; };
		D7B75EBF1F85D24600DB704D /* main.m */ = {isa = PBXFileReference; lastKnownFileType = sourcecode.c.objc; path = main.m; sourceTree = "<group>"; };
		D7B75EC11F85D24600DB704D /* AppDelegate.h */ = {isa = PBXFileReference; lastKnownFileType = sourcecode.c.h; path = AppDelegate.h; sourceTree = "<group>"; };
		D7B75EC21F85D24600DB704D /* AppDelegate.m */ = {isa = PBXFileReference; lastKnownFileType = sourcecode.c.objc; path = AppDelegate.m; sourceTree = "<group>"; };
		D7B75EC81F85D24600DB704D /* Base */ = {isa = PBXFileReference; lastKnownFileType = file.storyboard; name = Base; path = Base.lproj/Main.storyboard; sourceTree = "<group>"; };
		D7B75ECA1F85D24600DB704D /* Assets.xcassets */ = {isa = PBXFileReference; lastKnownFileType = folder.assetcatalog; path = Assets.xcassets; sourceTree = "<group>"; };
		D7B75ECD1F85D24600DB704D /* Base */ = {isa = PBXFileReference; lastKnownFileType = file.storyboard; name = Base; path = Base.lproj/LaunchScreen.storyboard; sourceTree = "<group>"; };
		D7B75ECF1F85D24600DB704D /* Info.plist */ = {isa = PBXFileReference; lastKnownFileType = text.plist.xml; path = Info.plist; sourceTree = "<group>"; };
		D7B75ED51F85D35300DB704D /* LeftViewController.h */ = {isa = PBXFileReference; fileEncoding = 4; lastKnownFileType = sourcecode.c.h; path = LeftViewController.h; sourceTree = "<group>"; };
		D7B75ED61F85D35300DB704D /* LeftViewController.m */ = {isa = PBXFileReference; fileEncoding = 4; lastKnownFileType = sourcecode.c.objc; path = LeftViewController.m; sourceTree = "<group>"; };
		D7B75ED81F85DB8700DB704D /* RightViewController.h */ = {isa = PBXFileReference; fileEncoding = 4; lastKnownFileType = sourcecode.c.h; path = RightViewController.h; sourceTree = "<group>"; };
		D7B75ED91F85DB8700DB704D /* RightViewController.m */ = {isa = PBXFileReference; fileEncoding = 4; lastKnownFileType = sourcecode.c.objc; path = RightViewController.m; sourceTree = "<group>"; };
/* End PBXFileReference section */

/* Begin PBXFrameworksBuildPhase section */
		D7B75EB81F85D24600DB704D /* Frameworks */ = {
			isa = PBXFrameworksBuildPhase;
			buildActionMask = 2147483647;
			files = (
			);
			runOnlyForDeploymentPostprocessing = 0;
		};
/* End PBXFrameworksBuildPhase section */

/* Begin PBXGroup section */
		D7B75EB21F85D24600DB704D = {
			isa = PBXGroup;
			children = (
				D7B75EBD1F85D24600DB704D /* MySplitView */,
				D7B75EBC1F85D24600DB704D /* Products */,
			);
			sourceTree = "<group>";
		};
		D7B75EBC1F85D24600DB704D /* Products */ = {
			isa = PBXGroup;
			children = (
				D7B75EBB1F85D24600DB704D /* MySplitView.app */,
			);
			name = Products;
			sourceTree = "<group>";
		};
		D7B75EBD1F85D24600DB704D /* MySplitView */ = {
			isa = PBXGroup;
			children = (
				D7B75EC11F85D24600DB704D /* AppDelegate.h */,
				D7B75EC21F85D24600DB704D /* AppDelegate.m */,
				D7B75EC71F85D24600DB704D /* Main.storyboard */,
				D7B75ECA1F85D24600DB704D /* Assets.xcassets */,
				D7B75ECC1F85D24600DB704D /* LaunchScreen.storyboard */,
				D7B75ECF1F85D24600DB704D /* Info.plist */,
				D7B75EBE1F85D24600DB704D /* Supporting Files */,
				D7B75ED51F85D35300DB704D /* LeftViewController.h */,
				D7B75ED61F85D35300DB704D /* LeftViewController.m */,
				D7B75ED81F85DB8700DB704D /* RightViewController.h */,
				D7B75ED91F85DB8700DB704D /* RightViewController.m */,
			);
			path = MySplitView;
			sourceTree = "<group>";
		};
		D7B75EBE1F85D24600DB704D /* Supporting Files */ = {
			isa = PBXGroup;
			children = (
				D7B75EBF1F85D24600DB704D /* main.m */,
			);
			name = "Supporting Files";
			sourceTree = "<group>";
		};
/* End PBXGroup section */

/* Begin PBXNativeTarget section */
		D7B75EBA1F85D24600DB704D /* MySplitView */ = {
			isa = PBXNativeTarget;
			buildConfigurationList = D7B75ED21F85D24600DB704D /* Build configuration list for PBXNativeTarget "MySplitView" */;
			buildPhases = (
				D7B75EB71F85D24600DB704D /* Sources */,
				D7B75EB81F85D24600DB704D /* Frameworks */,
				D7B75EB91F85D24600DB704D /* Resources */,
			);
			buildRules = (
			);
			dependencies = (
			);
			name = MySplitView;
			productName = MySplitView;
			productReference = D7B75EBB1F85D24600DB704D /* MySplitView.app */;
			productType = "com.apple.product-type.application";
		};
/* End PBXNativeTarget section */

/* Begin PBXProject section */
		D7B75EB31F85D24600DB704D /* Project object */ = {
			isa = PBXProject;
			attributes = {
				LastUpgradeCheck = 0810;
				ORGANIZATIONNAME = ITE;
				TargetAttributes = {
					D7B75EBA1F85D24600DB704D = {
						CreatedOnToolsVersion = 8.1;
						ProvisioningStyle = Automatic;
					};
				};
			};
			buildConfigurationList = D7B75EB61F85D24600DB704D /* Build configuration list for PBXProject "MySplitView" */;
			compatibilityVersion = "Xcode 3.2";
			developmentRegion = English;
			hasScannedForEncodings = 0;
			knownRegions = (
				en,
				Base,
			);
			mainGroup = D7B75EB21F85D24600DB704D;
			productRefGroup = D7B75EBC1F85D24600DB704D /* Products */;
			projectDirPath = "";
			projectRoot = "";
			targets = (
				D7B75EBA1F85D24600DB704D /* MySplitView */,
			);
		};
/* End PBXProject section */

/* Begin PBXResourcesBuildPhase section */
		D7B75EB91F85D24600DB704D /* Resources */ = {
			isa = PBXResourcesBuildPhase;
			buildActionMask = 2147483647;
			files = (
				D7B75ECE1F85D24600DB704D /* LaunchScreen.storyboard in Resources */,
				D7B75ECB1F85D24600DB704D /* Assets.xcassets in Resources */,
				D7B75EC91F85D24600DB704D /* Main.storyboard in Resources */,
			);
			runOnlyForDeploymentPostprocessing = 0;
		};
/* End PBXResourcesBuildPhase section */

/* Begin PBXSourcesBuildPhase section */
		D7B75EB71F85D24600DB704D /* Sources */ = {
			isa = PBXSourcesBuildPhase;
			buildActionMask = 2147483647;
			files = (
				D7B75ED71F85D35300DB704D /* LeftViewController.m in Sources */,
				D7B75EDA1F85DB8700DB704D /* RightViewController.m in Sources */,
				D7B75EC31F85D24600DB704D /* AppDelegate.m in Sources */,
				D7B75EC01F85D24600DB704D /* main.m in Sources */,
			);
			runOnlyForDeploymentPostprocessing = 0;
		};
/* End PBXSourcesBuildPhase section */

/* Begin PBXVariantGroup section */
		D7B75EC71F85D24600DB704D /* Main.storyboard */ = {
			isa = PBXVariantGroup;
			children = (
				D7B75EC81F85D24600DB704D /* Base */,
			);
			name = Main.storyboard;
			sourceTree = "<group>";
		};
		D7B75ECC1F85D24600DB704D /* LaunchScreen.storyboard */ = {
			isa = PBXVariantGroup;
			children = (
				D7B75ECD1F85D24600DB704D /* Base */,
			);
			name = LaunchScreen.storyboard;
			sourceTree = "<group>";
		};
/* End PBXVariantGroup section */

/* Begin XCBuildConfiguration section */
		D7B75ED01F85D24600DB704D /* Debug */ = {
			isa = XCBuildConfiguration;
			buildSettings = {
				ALWAYS_SEARCH_USER_PATHS = NO;
				CLANG_ANALYZER_NONNULL = YES;
				CLANG_CXX_LANGUAGE_STANDARD = "gnu++0x";
				CLANG_CXX_LIBRARY = "libc++";
				CLANG_ENABLE_MODULES = YES;
				CLANG_ENABLE_OBJC_ARC = YES;
				CLANG_WARN_BOOL_CONVERSION = YES;
				CLANG_WARN_CONSTANT_CONVERSION = YES;
				CLANG_WARN_DIRECT_OBJC_ISA_USAGE = YES_ERROR;
				CLANG_WARN_DOCUMENTATION_COMMENTS = YES;
				CLANG_WARN_EMPTY_BODY = YES;
				CLANG_WARN_ENUM_CONVERSION = YES;
				CLANG_WARN_INFINITE_RECURSION = YES;
				CLANG_WARN_INT_CONVERSION = YES;
				CLANG_WARN_OBJC_ROOT_CLASS = YES_ERROR;
				CLANG_WARN_SUSPICIOUS_MOVES = YES;
				CLANG_WARN_UNREACHABLE_CODE = YES;
				CLANG_WARN__DUPLICATE_METHOD_MATCH = YES;
				"CODE_SIGN_IDENTITY[sdk=iphoneos*]" = "iPhone Developer";
				COPY_PHASE_STRIP = NO;
				DEBUG_INFORMATION_FORMAT = dwarf;
				ENABLE_STRICT_OBJC_MSGSEND = YES;
				ENABLE_TESTABILITY = YES;
				GCC_C_LANGUAGE_STANDARD = gnu99;
				GCC_DYNAMIC_NO_PIC = NO;
				GCC_NO_COMMON_BLOCKS = YES;
				GCC_OPTIMIZATION_LEVEL = 0;
				GCC_PREPROCESSOR_DEFINITIONS = (
					"DEBUG=1",
					"$(inherited)",
				);
				GCC_WARN_64_TO_32_BIT_CONVERSION = YES;
				GCC_WARN_ABOUT_RETURN_TYPE = YES_ERROR;
				GCC_WARN_UNDECLARED_SELECTOR = YES;
				GCC_WARN_UNINITIALIZED_AUTOS = YES_AGGRESSIVE;
				GCC_WARN_UNUSED_FUNCTION = YES;
				GCC_WARN_UNUSED_VARIABLE = YES;
				IPHONEOS_DEPLOYMENT_TARGET = 10.1;
				MTL_ENABLE_DEBUG_INFO = YES;
				ONLY_ACTIVE_ARCH = YES;
				SDKROOT = iphoneos;
				TARGETED_DEVICE_FAMILY = "1,2";
			};
			name = Debug;
		};
		D7B75ED11F85D24600DB704D /* Release */ = {
			isa = XCBuildConfiguration;
			buildSettings = {
				ALWAYS_SEARCH_USER_PATHS = NO;
				CLANG_ANALYZER_NONNULL = YES;
				CLANG_CXX_LANGUAGE_STANDARD = "gnu++0x";
				CLANG_CXX_LIBRARY = "libc++";
				CLANG_ENABLE_MODULES = YES;
				CLANG_ENABLE_OBJC_ARC = YES;
				CLANG_WARN_BOOL_CONVERSION = YES;
				CLANG_WARN_CONSTANT_CONVERSION = YES;
				CLANG_WARN_DIRECT_OBJC_ISA_USAGE = YES_ERROR;
				CLANG_WARN_DOCUMENTATION_COMMENTS = YES;
				CLANG_WARN_EMPTY_BODY = YES;
				CLANG_WARN_ENUM_CONVERSION = YES;
				CLANG_WARN_INFINITE_RECURSION = YES;
				CLANG_WARN_INT_CONVERSION = YES;
				CLANG_WARN_OBJC_ROOT_CLASS = YES_ERROR;
				CLANG_WARN_SUSPICIOUS_MOVES = YES;
				CLANG_WARN_UNREACHABLE_CODE = YES;
				CLANG_WARN__DUPLICATE_METHOD_MATCH = YES;
				"CODE_SIGN_IDENTITY[sdk=iphoneos*]" = "iPhone Developer";
				COPY_PHASE_STRIP = NO;
				DEBUG_INFORMATION_FORMAT = "dwarf-with-dsym";
				ENABLE_NS_ASSERTIONS = NO;
				ENABLE_STRICT_OBJC_MSGSEND = YES;
				GCC_C_LANGUAGE_STANDARD = gnu99;
				GCC_NO_COMMON_BLOCKS = YES;
				GCC_WARN_64_TO_32_BIT_CONVERSION = YES;
				GCC_WARN_ABOUT_RETURN_TYPE = YES_ERROR;
				GCC_WARN_UNDECLARED_SELECTOR = YES;
				GCC_WARN_UNINITIALIZED_AUTOS = YES_AGGRESSIVE;
				GCC_WARN_UNUSED_FUNCTION = YES;
				GCC_WARN_UNUSED_VARIABLE = YES;
				IPHONEOS_DEPLOYMENT_TARGET = 10.1;
				MTL_ENABLE_DEBUG_INFO = NO;
				SDKROOT = iphoneos;
				TARGETED_DEVICE_FAMILY = "1,2";
				VALIDATE_PRODUCT = YES;
			};
			name = Release;
		};
		D7B75ED31F85D24600DB704D /* Debug */ = {
			isa = XCBuildConfiguration;
			buildSettings = {
				ASSETCATALOG_COMPILER_APPICON_NAME = AppIcon;
				INFOPLIST_FILE = MySplitView/Info.plist;
				LD_RUNPATH_SEARCH_PATHS = "$(inherited) @executable_path/Frameworks";
				PRODUCT_BUNDLE_IDENTIFIER = ite.MySplitView;
				PRODUCT_NAME = "$(TARGET_NAME)";
			};
			name = Debug;
		};
		D7B75ED41F85D24600DB704D /* Release */ = {
			isa = XCBuildConfiguration;
			buildSettings = {
				ASSETCATALOG_COMPILER_APPICON_NAME = AppIcon;
				INFOPLIST_FILE = MySplitView/Info.plist;
				LD_RUNPATH_SEARCH_PATHS = "$(inherited) @executable_path/Frameworks";
				PRODUCT_BUNDLE_IDENTIFIER = ite.MySplitView;
				PRODUCT_NAME = "$(TARGET_NAME)";
			};
			name = Release;
		};
/* End XCBuildConfiguration section */

/* Begin XCConfigurationList section */
		D7B75EB61F85D24600DB704D /* Build configuration list for PBXProject "MySplitView" */ = {
			isa = XCConfigurationList;
			buildConfigurations = (
				D7B75ED01F85D24600DB704D /* Debug */,
				D7B75ED11F85D24600DB704D /* Release */,
			);
			defaultConfigurationIsVisible = 0;
			defaultConfigurationName = Release;
		};
		D7B75ED21F85D24600DB704D /* Build configuration list for PBXNativeTarget "MySplitView" */ = {
			isa = XCConfigurationList;
			buildConfigurations = (
				D7B75ED31F85D24600DB704D /* Debug */,
				D7B75ED41F85D24600DB704D /* Release */,
			);
			defaultConfigurationIsVisible = 0;
		};
/* End XCConfigurationList section */
	};
	rootObject = D7B75EB31F85D24600DB704D /* Project object */;
}
